
Microsoft Visual Studio Solution File, Format Version 12.00
# Visual Studio Version 16
VisualStudioVersion = 16.0.29509.3
MinimumVisualStudioVersion = 10.0.40219.1
Project("{8BC9CEB8-8B4A-11D0-8D11-00A0C91BC942}") = "ScandiumDragon", "ScandiumDragon\ScandiumDragon.vcxproj", "{3450E078-5CBD-4F3C-B05D-066848061965}"
EndProject
Global
	GlobalSection(SolutionConfigurationPlatforms) = preSolution
		Debug|x64 = Debug|x64
		Debug|x86 = Debug|x86
		Release|x64 = Release|x64
		Release|x86 = Release|x86
	EndGlobalSection
	GlobalSection(ProjectConfigurationPlatforms) = postSolution
		{3450E078-5CBD-4F3C-B05D-066848061965}.Debug|x64.ActiveCfg = Debug|x64
		{3450E078-5CBD-4F3C-B05D-066848061965}.Debug|x64.Build.0 = Debug|x64
		{3450E078-5CBD-4F3C-B05D-066848061965}.Debug|x86.ActiveCfg = Debug|Win32
		{3450E078-5CBD-4F3C-B05D-066848061965}.Debug|x86.Build.0 = Debug|Win32
		{3450E078-5CBD-4F3C-B05D-066848061965}.Release|x64.ActiveCfg = Release|x64
		{3450E078-5CBD-4F3C-B05D-066848061965}.Release|x64.Build.0 = Release|x64
		{3450E078-5CBD-4F3C-B05D-066848061965}.Release|x86.ActiveCfg = Release|Win32
		{3450E078-5CBD-4F3C-B05D-066848061965}.Release|x86.Build.0 = Release|Win32
	EndGlobalSection
	GlobalSection(SolutionProperties) = preSolution
		HideSolutionNode = FALSE
	EndGlobalSection
	GlobalSection(ExtensibilityGlobals) = postSolution
		SolutionGuid = {1D093366-46F6-4B45-B7BA-D9A72B6C0F90}
	EndGlobalSection
EndGlobal
